// !$*UTF8*$!
{
	archiveVersion = 1;
	classes = {
	};
	objectVersion = 77;
	objects = {

/* Begin PBXBuildFile section */
		3AC2007A2CBFE885006987B7 /* README.md in Resources */ = {isa = PBXBuildFile; fileRef = 3AC200792CBFE885006987B7 /* README.md */; };
		3AC200A72CC187E1006987B7 /* CachedAsyncImage in Frameworks */ = {isa = PBXBuildFile; productRef = 3AC200A62CC187E1006987B7 /* CachedAsyncImage */; };
		3AC200B12CC268D8006987B7 /* SwiftUIIntrospect in Frameworks */ = {isa = PBXBuildFile; productRef = 3AC200B02CC268D8006987B7 /* SwiftUIIntrospect */; };
		3AC200B52CC268D8006987B7 /* SwiftUIIntrospect-Static in Frameworks */ = {isa = PBXBuildFile; productRef = 3AC200B42CC268D8006987B7 /* SwiftUIIntrospect-Static */; };
/* End PBXBuildFile section */

/* Begin PBXContainerItemProxy section */
		3AC2F8432CBED033006987B7 /* PBXContainerItemProxy */ = {
			isa = PBXContainerItemProxy;
			containerPortal = 3AC2F8282CBED031006987B7 /* Project object */;
			proxyType = 1;
			remoteGlobalIDString = 3AC2F82F2CBED031006987B7;
			remoteInfo = rm;
		};
		3AC2F84D2CBED033006987B7 /* PBXContainerItemProxy */ = {
			isa = PBXContainerItemProxy;
			containerPortal = 3AC2F8282CBED031006987B7 /* Project object */;
			proxyType = 1;
			remoteGlobalIDString = 3AC2F82F2CBED031006987B7;
			remoteInfo = rm;
		};
/* End PBXContainerItemProxy section */

/* Begin PBXFileReference section */
		3AC200792CBFE885006987B7 /* README.md */ = {isa = PBXFileReference; lastKnownFileType = net.daringfireball.markdown; path = README.md; sourceTree = "<group>"; };
		3AC2F8302CBED031006987B7 /* rm.app */ = {isa = PBXFileReference; explicitFileType = wrapper.application; includeInIndex = 0; path = rm.app; sourceTree = BUILT_PRODUCTS_DIR; };
		3AC2F8422CBED033006987B7 /* rmTests.xctest */ = {isa = PBXFileReference; explicitFileType = wrapper.cfbundle; includeInIndex = 0; path = rmTests.xctest; sourceTree = BUILT_PRODUCTS_DIR; };
		3AC2F84C2CBED033006987B7 /* rmUITests.xctest */ = {isa = PBXFileReference; explicitFileType = wrapper.cfbundle; includeInIndex = 0; path = rmUITests.xctest; sourceTree = BUILT_PRODUCTS_DIR; };
/* End PBXFileReference section */

/* Begin PBXFileSystemSynchronizedRootGroup section */
		3AC2F8322CBED031006987B7 /* rm */ = {
			isa = PBXFileSystemSynchronizedRootGroup;
			path = rm;
			sourceTree = "<group>";
		};
		3AC2F8452CBED033006987B7 /* rmTests */ = {
			isa = PBXFileSystemSynchronizedRootGroup;
			path = rmTests;
			sourceTree = "<group>";
		};
		3AC2F84F2CBED033006987B7 /* rmUITests */ = {
			isa = PBXFileSystemSynchronizedRootGroup;
			path = rmUITests;
			sourceTree = "<group>";
		};
/* End PBXFileSystemSynchronizedRootGroup section */

/* Begin PBXFrameworksBuildPhase section */
		3AC2F82D2CBED031006987B7 /* Frameworks */ = {
			isa = PBXFrameworksBuildPhase;
			buildActionMask = 2147483647;
			files = (
				3AC200A72CC187E1006987B7 /* CachedAsyncImage in Frameworks */,
				3AC200B12CC268D8006987B7 /* SwiftUIIntrospect in Frameworks */,
				3AC200B52CC268D8006987B7 /* SwiftUIIntrospect-Static in Frameworks */,
			);
			runOnlyForDeploymentPostprocessing = 0;
		};
		3AC2F83F2CBED033006987B7 /* Frameworks */ = {
			isa = PBXFrameworksBuildPhase;
			buildActionMask = 2147483647;
			files = (
			);
			runOnlyForDeploymentPostprocessing = 0;
		};
		3AC2F8492CBED033006987B7 /* Frameworks */ = {
			isa = PBXFrameworksBuildPhase;
			buildActionMask = 2147483647;
			files = (
			);
			runOnlyForDeploymentPostprocessing = 0;
		};
/* End PBXFrameworksBuildPhase section */

/* Begin PBXGroup section */
		3AC2F8272CBED031006987B7 = {
			isa = PBXGroup;
			children = (
				3AC200792CBFE885006987B7 /* README.md */,
				3AC2F8322CBED031006987B7 /* rm */,
				3AC2F8452CBED033006987B7 /* rmTests */,
				3AC2F84F2CBED033006987B7 /* rmUITests */,
				3AC2F8312CBED031006987B7 /* Products */,
			);
			sourceTree = "<group>";
		};
		3AC2F8312CBED031006987B7 /* Products */ = {
			isa = PBXGroup;
			children = (
				3AC2F8302CBED031006987B7 /* rm.app */,
				3AC2F8422CBED033006987B7 /* rmTests.xctest */,
				3AC2F84C2CBED033006987B7 /* rmUITests.xctest */,
			);
			name = Products;
			sourceTree = "<group>";
		};
/* End PBXGroup section */

/* Begin PBXNativeTarget section */
		3AC2F82F2CBED031006987B7 /* rm */ = {
			isa = PBXNativeTarget;
			buildConfigurationList = 3AC2F8562CBED033006987B7 /* Build configuration list for PBXNativeTarget "rm" */;
			buildPhases = (
				3AC2F82C2CBED031006987B7 /* Sources */,
				3AC2F82D2CBED031006987B7 /* Frameworks */,
				3AC2F82E2CBED031006987B7 /* Resources */,
			);
			buildRules = (
			);
			dependencies = (
			);
			fileSystemSynchronizedGroups = (
				3AC2F8322CBED031006987B7 /* rm */,
			);
			name = rm;
			packageProductDependencies = (
				3AC200A62CC187E1006987B7 /* CachedAsyncImage */,
				3AC200B02CC268D8006987B7 /* SwiftUIIntrospect */,
				3AC200B42CC268D8006987B7 /* SwiftUIIntrospect-Static */,
			);
			productName = rm;
			productReference = 3AC2F8302CBED031006987B7 /* rm.app */;
			productType = "com.apple.product-type.application";
		};
		3AC2F8412CBED033006987B7 /* rmTests */ = {
			isa = PBXNativeTarget;
			buildConfigurationList = 3AC2F8592CBED033006987B7 /* Build configuration list for PBXNativeTarget "rmTests" */;
			buildPhases = (
				3AC2F83E2CBED033006987B7 /* Sources */,
				3AC2F83F2CBED033006987B7 /* Frameworks */,
				3AC2F8402CBED033006987B7 /* Resources */,
			);
			buildRules = (
			);
			dependencies = (
				3AC2F8442CBED033006987B7 /* PBXTargetDependency */,
			);
			fileSystemSynchronizedGroups = (
				3AC2F8452CBED033006987B7 /* rmTests */,
			);
			name = rmTests;
			packageProductDependencies = (
			);
			productName = rmTests;
			productReference = 3AC2F8422CBED033006987B7 /* rmTests.xctest */;
			productType = "com.apple.product-type.bundle.unit-test";
		};
		3AC2F84B2CBED033006987B7 /* rmUITests */ = {
			isa = PBXNativeTarget;
			buildConfigurationList = 3AC2F85C2CBED033006987B7 /* Build configuration list for PBXNativeTarget "rmUITests" */;
			buildPhases = (
				3AC2F8482CBED033006987B7 /* Sources */,
				3AC2F8492CBED033006987B7 /* Frameworks */,
				3AC2F84A2CBED033006987B7 /* Resources */,
			);
			buildRules = (
			);
			dependencies = (
				3AC2F84E2CBED033006987B7 /* PBXTargetDependency */,
			);
			fileSystemSynchronizedGroups = (
				3AC2F84F2CBED033006987B7 /* rmUITests */,
			);
			name = rmUITests;
			packageProductDependencies = (
			);
			productName = rmUITests;
			productReference = 3AC2F84C2CBED033006987B7 /* rmUITests.xctest */;
			productType = "com.apple.product-type.bundle.ui-testing";
		};
/* End PBXNativeTarget section */

/* Begin PBXProject section */
		3AC2F8282CBED031006987B7 /* Project object */ = {
			isa = PBXProject;
			attributes = {
				BuildIndependentTargetsInParallel = 1;
				LastSwiftUpdateCheck = 1610;
				LastUpgradeCheck = 1610;
				TargetAttributes = {
					3AC2F82F2CBED031006987B7 = {
						CreatedOnToolsVersion = 16.1;
					};
					3AC2F8412CBED033006987B7 = {
						CreatedOnToolsVersion = 16.1;
						TestTargetID = 3AC2F82F2CBED031006987B7;
					};
					3AC2F84B2CBED033006987B7 = {
						CreatedOnToolsVersion = 16.1;
						TestTargetID = 3AC2F82F2CBED031006987B7;
					};
				};
			};
			buildConfigurationList = 3AC2F82B2CBED031006987B7 /* Build configuration list for PBXProject "rm" */;
			developmentRegion = en;
			hasScannedForEncodings = 0;
			knownRegions = (
				en,
				Base,
			);
			mainGroup = 3AC2F8272CBED031006987B7;
			minimizedProjectReferenceProxies = 1;
			packageReferences = (
				3AC200A52CC187E1006987B7 /* XCRemoteSwiftPackageReference "swiftui-cached-async-image" */,
				3AC200AF2CC268D8006987B7 /* XCRemoteSwiftPackageReference "SwiftUI-Introspect" */,
			);
			preferredProjectObjectVersion = 77;
			productRefGroup = 3AC2F8312CBED031006987B7 /* Products */;
			projectDirPath = "";
			projectRoot = "";
			targets = (
				3AC2F82F2CBED031006987B7 /* rm */,
				3AC2F8412CBED033006987B7 /* rmTests */,
				3AC2F84B2CBED033006987B7 /* rmUITests */,
			);
		};
/* End PBXProject section */

/* Begin PBXResourcesBuildPhase section */
		3AC2F82E2CBED031006987B7 /* Resources */ = {
			isa = PBXResourcesBuildPhase;
			buildActionMask = 2147483647;
			files = (
				3AC2007A2CBFE885006987B7 /* README.md in Resources */,
			);
			runOnlyForDeploymentPostprocessing = 0;
		};
		3AC2F8402CBED033006987B7 /* Resources */ = {
			isa = PBXResourcesBuildPhase;
			buildActionMask = 2147483647;
			files = (
			);
			runOnlyForDeploymentPostprocessing = 0;
		};
		3AC2F84A2CBED033006987B7 /* Resources */ = {
			isa = PBXResourcesBuildPhase;
			buildActionMask = 2147483647;
			files = (
			);
			runOnlyForDeploymentPostprocessing = 0;
		};
/* End PBXResourcesBuildPhase section */

/* Begin PBXSourcesBuildPhase section */
		3AC2F82C2CBED031006987B7 /* Sources */ = {
			isa = PBXSourcesBuildPhase;
			buildActionMask = 2147483647;
			files = (
			);
			runOnlyForDeploymentPostprocessing = 0;
		};
		3AC2F83E2CBED033006987B7 /* Sources */ = {
			isa = PBXSourcesBuildPhase;
			buildActionMask = 2147483647;
			files = (
			);
			runOnlyForDeploymentPostprocessing = 0;
		};
		3AC2F8482CBED033006987B7 /* Sources */ = {
			isa = PBXSourcesBuildPhase;
			buildActionMask = 2147483647;
			files = (
			);
			runOnlyForDeploymentPostprocessing = 0;
		};
/* End PBXSourcesBuildPhase section */

/* Begin PBXTargetDependency section */
		3AC2F8442CBED033006987B7 /* PBXTargetDependency */ = {
			isa = PBXTargetDependency;
			target = 3AC2F82F2CBED031006987B7 /* rm */;
			targetProxy = 3AC2F8432CBED033006987B7 /* PBXContainerItemProxy */;
		};
		3AC2F84E2CBED033006987B7 /* PBXTargetDependency */ = {
			isa = PBXTargetDependency;
			target = 3AC2F82F2CBED031006987B7 /* rm */;
			targetProxy = 3AC2F84D2CBED033006987B7 /* PBXContainerItemProxy */;
		};
/* End PBXTargetDependency section */

/* Begin XCBuildConfiguration section */
		3AC2F8542CBED033006987B7 /* Debug */ = {
			isa = XCBuildConfiguration;
			buildSettings = {
				ALWAYS_SEARCH_USER_PATHS = NO;
				ASSETCATALOG_COMPILER_GENERATE_SWIFT_ASSET_SYMBOL_EXTENSIONS = YES;
				CLANG_ANALYZER_NONNULL = YES;
				CLANG_ANALYZER_NUMBER_OBJECT_CONVERSION = YES_AGGRESSIVE;
				CLANG_CXX_LANGUAGE_STANDARD = "gnu++20";
				CLANG_ENABLE_MODULES = YES;
				CLANG_ENABLE_OBJC_ARC = YES;
				CLANG_ENABLE_OBJC_WEAK = YES;
				CLANG_WARN_BLOCK_CAPTURE_AUTORELEASING = YES;
				CLANG_WARN_BOOL_CONVERSION = YES;
				CLANG_WARN_COMMA = YES;
				CLANG_WARN_CONSTANT_CONVERSION = YES;
				CLANG_WARN_DEPRECATED_OBJC_IMPLEMENTATIONS = YES;
				CLANG_WARN_DIRECT_OBJC_ISA_USAGE = YES_ERROR;
				CLANG_WARN_DOCUMENTATION_COMMENTS = YES;
				CLANG_WARN_EMPTY_BODY = YES;
				CLANG_WARN_ENUM_CONVERSION = YES;
				CLANG_WARN_INFINITE_RECURSION = YES;
				CLANG_WARN_INT_CONVERSION = YES;
				CLANG_WARN_NON_LITERAL_NULL_CONVERSION = YES;
				CLANG_WARN_OBJC_IMPLICIT_RETAIN_SELF = YES;
				CLANG_WARN_OBJC_LITERAL_CONVERSION = YES;
				CLANG_WARN_OBJC_ROOT_CLASS = YES_ERROR;
				CLANG_WARN_QUOTED_INCLUDE_IN_FRAMEWORK_HEADER = YES;
				CLANG_WARN_RANGE_LOOP_ANALYSIS = YES;
				CLANG_WARN_STRICT_PROTOTYPES = YES;
				CLANG_WARN_SUSPICIOUS_MOVE = YES;
				CLANG_WARN_UNGUARDED_AVAILABILITY = YES_AGGRESSIVE;
				CLANG_WARN_UNREACHABLE_CODE = YES;
				CLANG_WARN__DUPLICATE_METHOD_MATCH = YES;
				COPY_PHASE_STRIP = NO;
				DEBUG_INFORMATION_FORMAT = dwarf;
				ENABLE_STRICT_OBJC_MSGSEND = YES;
				ENABLE_TESTABILITY = YES;
				ENABLE_USER_SCRIPT_SANDBOXING = YES;
				GCC_C_LANGUAGE_STANDARD = gnu17;
				GCC_DYNAMIC_NO_PIC = NO;
				GCC_NO_COMMON_BLOCKS = YES;
				GCC_OPTIMIZATION_LEVEL = 0;
				GCC_PREPROCESSOR_DEFINITIONS = (
					"DEBUG=1",
					"$(inherited)",
				);
				GCC_WARN_64_TO_32_BIT_CONVERSION = YES;
				GCC_WARN_ABOUT_RETURN_TYPE = YES_ERROR;
				GCC_WARN_UNDECLARED_SELECTOR = YES;
				GCC_WARN_UNINITIALIZED_AUTOS = YES_AGGRESSIVE;
				GCC_WARN_UNUSED_FUNCTION = YES;
				GCC_WARN_UNUSED_VARIABLE = YES;
				IPHONEOS_DEPLOYMENT_TARGET = 18.1;
				LOCALIZATION_PREFERS_STRING_CATALOGS = YES;
				MTL_ENABLE_DEBUG_INFO = INCLUDE_SOURCE;
				MTL_FAST_MATH = YES;
				ONLY_ACTIVE_ARCH = YES;
				SDKROOT = iphoneos;
				SWIFT_ACTIVE_COMPILATION_CONDITIONS = "DEBUG $(inherited)";
				SWIFT_OPTIMIZATION_LEVEL = "-Onone";
			};
			name = Debug;
		};
		3AC2F8552CBED033006987B7 /* Release */ = {
			isa = XCBuildConfiguration;
			buildSettings = {
				ALWAYS_SEARCH_USER_PATHS = NO;
				ASSETCATALOG_COMPILER_GENERATE_SWIFT_ASSET_SYMBOL_EXTENSIONS = YES;
				CLANG_ANALYZER_NONNULL = YES;
				CLANG_ANALYZER_NUMBER_OBJECT_CONVERSION = YES_AGGRESSIVE;
				CLANG_CXX_LANGUAGE_STANDARD = "gnu++20";
				CLANG_ENABLE_MODULES = YES;
				CLANG_ENABLE_OBJC_ARC = YES;
				CLANG_ENABLE_OBJC_WEAK = YES;
				CLANG_WARN_BLOCK_CAPTURE_AUTORELEASING = YES;
				CLANG_WARN_BOOL_CONVERSION = YES;
				CLANG_WARN_COMMA = YES;
				CLANG_WARN_CONSTANT_CONVERSION = YES;
				CLANG_WARN_DEPRECATED_OBJC_IMPLEMENTATIONS = YES;
				CLANG_WARN_DIRECT_OBJC_ISA_USAGE = YES_ERROR;
				CLANG_WARN_DOCUMENTATION_COMMENTS = YES;
				CLANG_WARN_EMPTY_BODY = YES;
				CLANG_WARN_ENUM_CONVERSION = YES;
				CLANG_WARN_INFINITE_RECURSION = YES;
				CLANG_WARN_INT_CONVERSION = YES;
				CLANG_WARN_NON_LITERAL_NULL_CONVERSION = YES;
				CLANG_WARN_OBJC_IMPLICIT_RETAIN_SELF = YES;
				CLANG_WARN_OBJC_LITERAL_CONVERSION = YES;
				CLANG_WARN_OBJC_ROOT_CLASS = YES_ERROR;
				CLANG_WARN_QUOTED_INCLUDE_IN_FRAMEWORK_HEADER = YES;
				CLANG_WARN_RANGE_LOOP_ANALYSIS = YES;
				CLANG_WARN_STRICT_PROTOTYPES = YES;
				CLANG_WARN_SUSPICIOUS_MOVE = YES;
				CLANG_WARN_UNGUARDED_AVAILABILITY = YES_AGGRESSIVE;
				CLANG_WARN_UNREACHABLE_CODE = YES;
				CLANG_WARN__DUPLICATE_METHOD_MATCH = YES;
				COPY_PHASE_STRIP = NO;
				DEBUG_INFORMATION_FORMAT = "dwarf-with-dsym";
				ENABLE_NS_ASSERTIONS = NO;
				ENABLE_STRICT_OBJC_MSGSEND = YES;
				ENABLE_USER_SCRIPT_SANDBOXING = YES;
				GCC_C_LANGUAGE_STANDARD = gnu17;
				GCC_NO_COMMON_BLOCKS = YES;
				GCC_WARN_64_TO_32_BIT_CONVERSION = YES;
				GCC_WARN_ABOUT_RETURN_TYPE = YES_ERROR;
				GCC_WARN_UNDECLARED_SELECTOR = YES;
				GCC_WARN_UNINITIALIZED_AUTOS = YES_AGGRESSIVE;
				GCC_WARN_UNUSED_FUNCTION = YES;
				GCC_WARN_UNUSED_VARIABLE = YES;
				IPHONEOS_DEPLOYMENT_TARGET = 18.1;
				LOCALIZATION_PREFERS_STRING_CATALOGS = YES;
				MTL_ENABLE_DEBUG_INFO = NO;
				MTL_FAST_MATH = YES;
				SDKROOT = iphoneos;
				SWIFT_COMPILATION_MODE = wholemodule;
				VALIDATE_PRODUCT = YES;
			};
			name = Release;
		};
		3AC2F8572CBED033006987B7 /* Debug */ = {
			isa = XCBuildConfiguration;
			buildSettings = {
				ASSETCATALOG_COMPILER_APPICON_NAME = AppIcon;
				ASSETCATALOG_COMPILER_GLOBAL_ACCENT_COLOR_NAME = AccentColor;
				CODE_SIGN_STYLE = Automatic;
				CURRENT_PROJECT_VERSION = 1;
				DEVELOPMENT_ASSET_PATHS = "\"rm/Resources/Preview Content\"";
				DEVELOPMENT_TEAM = 52P3J8ZSHX;
				ENABLE_PREVIEWS = YES;
				GENERATE_INFOPLIST_FILE = YES;
				INFOPLIST_KEY_UIApplicationSceneManifest_Generation = YES;
				INFOPLIST_KEY_UIApplicationSupportsIndirectInputEvents = YES;
				INFOPLIST_KEY_UILaunchScreen_Generation = YES;
				INFOPLIST_KEY_UISupportedInterfaceOrientations_iPad = "UIInterfaceOrientationPortrait UIInterfaceOrientationPortraitUpsideDown UIInterfaceOrientationLandscapeLeft UIInterfaceOrientationLandscapeRight";
				INFOPLIST_KEY_UISupportedInterfaceOrientations_iPhone = "UIInterfaceOrientationPortrait UIInterfaceOrientationLandscapeLeft UIInterfaceOrientationLandscapeRight";
				LD_RUNPATH_SEARCH_PATHS = (
					"$(inherited)",
					"@executable_path/Frameworks",
				);
				MARKETING_VERSION = 1.0;
				PRODUCT_BUNDLE_IDENTIFIER = cz.ackee.rm;
				PRODUCT_NAME = "$(TARGET_NAME)";
				SWIFT_EMIT_LOC_STRINGS = YES;
				SWIFT_VERSION = 5.0;
				TARGETED_DEVICE_FAMILY = "1,2";
			};
			name = Debug;
		};
		3AC2F8582CBED033006987B7 /* Release */ = {
			isa = XCBuildConfiguration;
			buildSettings = {
				ASSETCATALOG_COMPILER_APPICON_NAME = AppIcon;
				ASSETCATALOG_COMPILER_GLOBAL_ACCENT_COLOR_NAME = AccentColor;
				CODE_SIGN_STYLE = Automatic;
				CURRENT_PROJECT_VERSION = 1;
				DEVELOPMENT_ASSET_PATHS = "\"rm/Resources/Preview Content\"";
				DEVELOPMENT_TEAM = 52P3J8ZSHX;
				ENABLE_PREVIEWS = YES;
				GENERATE_INFOPLIST_FILE = YES;
				INFOPLIST_KEY_UIApplicationSceneManifest_Generation = YES;
				INFOPLIST_KEY_UIApplicationSupportsIndirectInputEvents = YES;
				INFOPLIST_KEY_UILaunchScreen_Generation = YES;
				INFOPLIST_KEY_UISupportedInterfaceOrientations_iPad = "UIInterfaceOrientationPortrait UIInterfaceOrientationPortraitUpsideDown UIInterfaceOrientationLandscapeLeft UIInterfaceOrientationLandscapeRight";
				INFOPLIST_KEY_UISupportedInterfaceOrientations_iPhone = "UIInterfaceOrientationPortrait UIInterfaceOrientationLandscapeLeft UIInterfaceOrientationLandscapeRight";
				LD_RUNPATH_SEARCH_PATHS = (
					"$(inherited)",
					"@executable_path/Frameworks",
				);
				MARKETING_VERSION = 1.0;
				PRODUCT_BUNDLE_IDENTIFIER = cz.ackee.rm;
				PRODUCT_NAME = "$(TARGET_NAME)";
				SWIFT_EMIT_LOC_STRINGS = YES;
				SWIFT_VERSION = 5.0;
				TARGETED_DEVICE_FAMILY = "1,2";
			};
			name = Release;
		};
		3AC2F85A2CBED033006987B7 /* Debug */ = {
			isa = XCBuildConfiguration;
			buildSettings = {
				BUNDLE_LOADER = "$(TEST_HOST)";
				CODE_SIGN_STYLE = Automatic;
				CURRENT_PROJECT_VERSION = 1;
				DEVELOPMENT_TEAM = 52P3J8ZSHX;
				GENERATE_INFOPLIST_FILE = YES;
				IPHONEOS_DEPLOYMENT_TARGET = 18.1;
				MARKETING_VERSION = 1.0;
				PRODUCT_BUNDLE_IDENTIFIER = cz.ackee.rmTests;
				PRODUCT_NAME = "$(TARGET_NAME)";
				SWIFT_EMIT_LOC_STRINGS = NO;
				SWIFT_VERSION = 5.0;
				TARGETED_DEVICE_FAMILY = "1,2";
				TEST_HOST = "$(BUILT_PRODUCTS_DIR)/rm.app/$(BUNDLE_EXECUTABLE_FOLDER_PATH)/rm";
			};
			name = Debug;
		};
		3AC2F85B2CBED033006987B7 /* Release */ = {
			isa = XCBuildConfiguration;
			buildSettings = {
				BUNDLE_LOADER = "$(TEST_HOST)";
				CODE_SIGN_STYLE = Automatic;
				CURRENT_PROJECT_VERSION = 1;
				DEVELOPMENT_TEAM = 52P3J8ZSHX;
				GENERATE_INFOPLIST_FILE = YES;
				IPHONEOS_DEPLOYMENT_TARGET = 18.1;
				MARKETING_VERSION = 1.0;
				PRODUCT_BUNDLE_IDENTIFIER = cz.ackee.rmTests;
				PRODUCT_NAME = "$(TARGET_NAME)";
				SWIFT_EMIT_LOC_STRINGS = NO;
				SWIFT_VERSION = 5.0;
				TARGETED_DEVICE_FAMILY = "1,2";
				TEST_HOST = "$(BUILT_PRODUCTS_DIR)/rm.app/$(BUNDLE_EXECUTABLE_FOLDER_PATH)/rm";
			};
			name = Release;
		};
		3AC2F85D2CBED033006987B7 /* Debug */ = {
			isa = XCBuildConfiguration;
			buildSettings = {
				CODE_SIGN_STYLE = Automatic;
				CURRENT_PROJECT_VERSION = 1;
				DEVELOPMENT_TEAM = 52P3J8ZSHX;
				GENERATE_INFOPLIST_FILE = YES;
				MARKETING_VERSION = 1.0;
				PRODUCT_BUNDLE_IDENTIFIER = cz.ackee.rmUITests;
				PRODUCT_NAME = "$(TARGET_NAME)";
				SWIFT_EMIT_LOC_STRINGS = NO;
				SWIFT_VERSION = 5.0;
				TARGETED_DEVICE_FAMILY = "1,2";
				TEST_TARGET_NAME = rm;
			};
			name = Debug;
		};
		3AC2F85E2CBED033006987B7 /* Release */ = {
			isa = XCBuildConfiguration;
			buildSettings = {
				CODE_SIGN_STYLE = Automatic;
				CURRENT_PROJECT_VERSION = 1;
				DEVELOPMENT_TEAM = 52P3J8ZSHX;
				GENERATE_INFOPLIST_FILE = YES;
				MARKETING_VERSION = 1.0;
				PRODUCT_BUNDLE_IDENTIFIER = cz.ackee.rmUITests;
				PRODUCT_NAME = "$(TARGET_NAME)";
				SWIFT_EMIT_LOC_STRINGS = NO;
				SWIFT_VERSION = 5.0;
				TARGETED_DEVICE_FAMILY = "1,2";
				TEST_TARGET_NAME = rm;
			};
			name = Release;
		};
/* End XCBuildConfiguration section */

/* Begin XCConfigurationList section */
		3AC2F82B2CBED031006987B7 /* Build configuration list for PBXProject "rm" */ = {
			isa = XCConfigurationList;
			buildConfigurations = (
				3AC2F8542CBED033006987B7 /* Debug */,
				3AC2F8552CBED033006987B7 /* Release */,
			);
			defaultConfigurationIsVisible = 0;
			defaultConfigurationName = Release;
		};
		3AC2F8562CBED033006987B7 /* Build configuration list for PBXNativeTarget "rm" */ = {
			isa = XCConfigurationList;
			buildConfigurations = (
				3AC2F8572CBED033006987B7 /* Debug */,
				3AC2F8582CBED033006987B7 /* Release */,
			);
			defaultConfigurationIsVisible = 0;
			defaultConfigurationName = Release;
		};
		3AC2F8592CBED033006987B7 /* Build configuration list for PBXNativeTarget "rmTests" */ = {
			isa = XCConfigurationList;
			buildConfigurations = (
				3AC2F85A2CBED033006987B7 /* Debug */,
				3AC2F85B2CBED033006987B7 /* Release */,
			);
			defaultConfigurationIsVisible = 0;
			defaultConfigurationName = Release;
		};
		3AC2F85C2CBED033006987B7 /* Build configuration list for PBXNativeTarget "rmUITests" */ = {
			isa = XCConfigurationList;
			buildConfigurations = (
				3AC2F85D2CBED033006987B7 /* Debug */,
				3AC2F85E2CBED033006987B7 /* Release */,
			);
			defaultConfigurationIsVisible = 0;
			defaultConfigurationName = Release;
		};
/* End XCConfigurationList section */

/* Begin XCRemoteSwiftPackageReference section */
		3AC200A52CC187E1006987B7 /* XCRemoteSwiftPackageReference "swiftui-cached-async-image" */ = {
			isa = XCRemoteSwiftPackageReference;
			repositoryURL = "https://github.com/lorenzofiamingo/swiftui-cached-async-image";
			requirement = {
				kind = upToNextMajorVersion;
				minimumVersion = 2.1.1;
			};
		};
		3AC200AF2CC268D8006987B7 /* XCRemoteSwiftPackageReference "SwiftUI-Introspect" */ = {
			isa = XCRemoteSwiftPackageReference;
			repositoryURL = "https://github.com/siteline/SwiftUI-Introspect.git";
			requirement = {
				kind = upToNextMajorVersion;
				minimumVersion = 1.3.0;
			};
		};
/* End XCRemoteSwiftPackageReference section */

/* Begin XCSwiftPackageProductDependency section */
		3AC200A62CC187E1006987B7 /* CachedAsyncImage */ = {
			isa = XCSwiftPackageProductDependency;
			package = 3AC200A52CC187E1006987B7 /* XCRemoteSwiftPackageReference "swiftui-cached-async-image" */;
			productName = CachedAsyncImage;
		};
		3AC200B02CC268D8006987B7 /* SwiftUIIntrospect */ = {
			isa = XCSwiftPackageProductDependency;
			package = 3AC200AF2CC268D8006987B7 /* XCRemoteSwiftPackageReference "SwiftUI-Introspect" */;
			productName = SwiftUIIntrospect;
		};
		3AC200B42CC268D8006987B7 /* SwiftUIIntrospect-Static */ = {
			isa = XCSwiftPackageProductDependency;
			package = 3AC200AF2CC268D8006987B7 /* XCRemoteSwiftPackageReference "SwiftUI-Introspect" */;
			productName = "SwiftUIIntrospect-Static";
		};
/* End XCSwiftPackageProductDependency section */
	};
	rootObject = 3AC2F8282CBED031006987B7 /* Project object */;
}
